
Microsoft Visual Studio Solution File, Format Version 12.00
# Visual Studio Version 16
VisualStudioVersion = 16.0.30804.86
MinimumVisualStudioVersion = 10.0.40219.1
Project("{888888A0-9F3D-457C-B088-3A5042F75D52}") = "Delete Windows", "Delete Windows\Delete Windows.pyproj", "{3DC932F3-7ED9-4956-A4D8-C6797C294F6A}"
EndProject
Global
	GlobalSection(SolutionConfigurationPlatforms) = preSolution
		Debug|Any CPU = Debug|Any CPU
		Release|Any CPU = Release|Any CPU
	EndGlobalSection
	GlobalSection(ProjectConfigurationPlatforms) = postSolution
		{3DC932F3-7ED9-4956-A4D8-C6797C294F6A}.Debug|Any CPU.ActiveCfg = Debug|Any CPU
		{3DC932F3-7ED9-4956-A4D8-C6797C294F6A}.Release|Any CPU.ActiveCfg = Release|Any CPU
	EndGlobalSection
	GlobalSection(SolutionProperties) = preSolution
		HideSolutionNode = FALSE
	EndGlobalSection
	GlobalSection(ExtensibilityGlobals) = postSolution
		SolutionGuid = {2F8D25A1-DB68-4878-A866-2049F4195BF0}
	EndGlobalSection
EndGlobal
